
Microsoft Visual Studio Solution File, Format Version 10.00
# Visual Studio 2008
Project("{FAE04EC0-301F-11D3-BF4B-00C04F79EFBC}") = "CcrSpace.Core", "CcrSpace.Core\CcrSpace.Core.csproj", "{3CEDC287-356D-49B3-A752-DCD38D55A5C7}"
EndProject
Project("{2150E333-8FDC-42A3-9474-1A3956D46DE8}") = "Core", "Core", "{2EFEBBD9-3CC6-496E-A80C-48BB17BD467E}"
EndProject
Project("{2150E333-8FDC-42A3-9474-1A3956D46DE8}") = "Channels", "Channels", "{D3528890-6B05-46C4-A7D5-0FCBFD8235AA}"
EndProject
Project("{FAE04EC0-301F-11D3-BF4B-00C04F79EFBC}") = "CcrSpace.Channels", "CcrSpace.Channels\CcrSpace.Channels.csproj", "{7B0FE665-6715-46D4-87EA-D42219B68CB8}"
EndProject
Project("{FAE04EC0-301F-11D3-BF4B-00C04F79EFBC}") = "Test.CcrSpace.Channels", "Test.CcrSpace.Channels\Test.CcrSpace.Channels.csproj", "{F9CD9D80-4C4E-4519-BBFC-3ABAA7660884}"
EndProject
Project("{FAE04EC0-301F-11D3-BF4B-00C04F79EFBC}") = "Test.CcrSpace.Core", "Test.CcrSpace.Core\Test.CcrSpace.Core.csproj", "{81BC718A-493D-4212-9463-6E530F247AEF}"
EndProject
Project("{FAE04EC0-301F-11D3-BF4B-00C04F79EFBC}") = "Test.ChannelWithSyncContext", "Test.ChannelWithSyncContext\Test.ChannelWithSyncContext.csproj", "{87EEAE4C-A9F1-4C76-B0C3-B6A17221BCBF}"
EndProject
Project("{2150E333-8FDC-42A3-9474-1A3956D46DE8}") = "Solution Items", "Solution Items", "{14D4F206-4DBD-4261-AA7B-3166443FF8E5}"
	ProjectSection(SolutionItems) = preProject
		Backlog.txt = Backlog.txt
	EndProjectSection
EndProject
Project("{2150E333-8FDC-42A3-9474-1A3956D46DE8}") = "CCR Space Usage", "CCR Space Usage", "{A1272F76-3A05-48E4-B5A5-578C69F7A5A1}"
EndProject
Project("{FAE04EC0-301F-11D3-BF4B-00C04F79EFBC}") = "UsageSamples.CcrSpace", "UsageSamples.CcrSpace\UsageSamples.CcrSpace.csproj", "{6F5E0302-2C21-49A3-8CFE-1751FE15F2CA}"
EndProject
Project("{2150E333-8FDC-42A3-9474-1A3956D46DE8}") = "Tests", "Tests", "{5716A4EF-F131-49A5-8CA1-ECF0FE0B0020}"
EndProject
Project("{2150E333-8FDC-42A3-9474-1A3956D46DE8}") = "Exception Handling", "Exception Handling", "{22000FA1-8ADD-44E4-BC8A-9E46E06D1D2D}"
EndProject
Project("{FAE04EC0-301F-11D3-BF4B-00C04F79EFBC}") = "CcrSpace.ExceptionHandling", "CcrSpace.ExceptionHandling\CcrSpace.ExceptionHandling.csproj", "{4D1A5A15-6A1A-44C1-A56E-775E363834B0}"
EndProject
Project("{FAE04EC0-301F-11D3-BF4B-00C04F79EFBC}") = "Test.CcrSpace.ExceptionHandling", "Test.CcrSpace.ExceptionHandling\Test.CcrSpace.ExceptionHandling.csproj", "{6F9DA14B-3ABE-4609-B278-CE4CD937DBBA}"
EndProject
Project("{2150E333-8FDC-42A3-9474-1A3956D46DE8}") = "Test Infrastructure", "Test Infrastructure", "{04E43559-A3A0-4924-A364-57206A2FB3BB}"
EndProject
Project("{FAE04EC0-301F-11D3-BF4B-00C04F79EFBC}") = "GeneralTestInfrastructure", "GeneralTestInfrastructure\GeneralTestInfrastructure.csproj", "{5634F830-D8E4-448F-BB82-EA03AC41691E}"
EndProject
Project("{2150E333-8FDC-42A3-9474-1A3956D46DE8}") = "Hosting", "Hosting", "{E7534022-0C42-481D-801C-2E84C30A8790}"
EndProject
Project("{FAE04EC0-301F-11D3-BF4B-00C04F79EFBC}") = "CcrSpaces.Hosting", "CcrSpaces.Hosting\CcrSpaces.Hosting.csproj", "{C28BABF3-48FA-4827-89ED-3FD7D4C94CC1}"
EndProject
Project("{FAE04EC0-301F-11D3-BF4B-00C04F79EFBC}") = "Test.CcrSpaces.Hosting", "Test.CcrSpaces.Hosting\Test.CcrSpaces.Hosting.csproj", "{C686B42F-9142-49C3-8C5A-962416D102A9}"
EndProject
Global
	GlobalSection(SolutionConfigurationPlatforms) = preSolution
		Debug|Any CPU = Debug|Any CPU
		Release|Any CPU = Release|Any CPU
	EndGlobalSection
	GlobalSection(ProjectConfigurationPlatforms) = postSolution
		{3CEDC287-356D-49B3-A752-DCD38D55A5C7}.Debug|Any CPU.ActiveCfg = Debug|Any CPU
		{3CEDC287-356D-49B3-A752-DCD38D55A5C7}.Debug|Any CPU.Build.0 = Debug|Any CPU
		{3CEDC287-356D-49B3-A752-DCD38D55A5C7}.Release|Any CPU.ActiveCfg = Release|Any CPU
		{3CEDC287-356D-49B3-A752-DCD38D55A5C7}.Release|Any CPU.Build.0 = Release|Any CPU
		{7B0FE665-6715-46D4-87EA-D42219B68CB8}.Debug|Any CPU.ActiveCfg = Debug|Any CPU
		{7B0FE665-6715-46D4-87EA-D42219B68CB8}.Debug|Any CPU.Build.0 = Debug|Any CPU
		{7B0FE665-6715-46D4-87EA-D42219B68CB8}.Release|Any CPU.ActiveCfg = Release|Any CPU
		{7B0FE665-6715-46D4-87EA-D42219B68CB8}.Release|Any CPU.Build.0 = Release|Any CPU
		{F9CD9D80-4C4E-4519-BBFC-3ABAA7660884}.Debug|Any CPU.ActiveCfg = Debug|Any CPU
		{F9CD9D80-4C4E-4519-BBFC-3ABAA7660884}.Debug|Any CPU.Build.0 = Debug|Any CPU
		{F9CD9D80-4C4E-4519-BBFC-3ABAA7660884}.Release|Any CPU.ActiveCfg = Release|Any CPU
		{F9CD9D80-4C4E-4519-BBFC-3ABAA7660884}.Release|Any CPU.Build.0 = Release|Any CPU
		{81BC718A-493D-4212-9463-6E530F247AEF}.Debug|Any CPU.ActiveCfg = Debug|Any CPU
		{81BC718A-493D-4212-9463-6E530F247AEF}.Debug|Any CPU.Build.0 = Debug|Any CPU
		{81BC718A-493D-4212-9463-6E530F247AEF}.Release|Any CPU.ActiveCfg = Release|Any CPU
		{81BC718A-493D-4212-9463-6E530F247AEF}.Release|Any CPU.Build.0 = Release|Any CPU
		{87EEAE4C-A9F1-4C76-B0C3-B6A17221BCBF}.Debug|Any CPU.ActiveCfg = Debug|Any CPU
		{87EEAE4C-A9F1-4C76-B0C3-B6A17221BCBF}.Debug|Any CPU.Build.0 = Debug|Any CPU
		{87EEAE4C-A9F1-4C76-B0C3-B6A17221BCBF}.Release|Any CPU.ActiveCfg = Release|Any CPU
		{87EEAE4C-A9F1-4C76-B0C3-B6A17221BCBF}.Release|Any CPU.Build.0 = Release|Any CPU
		{6F5E0302-2C21-49A3-8CFE-1751FE15F2CA}.Debug|Any CPU.ActiveCfg = Debug|Any CPU
		{6F5E0302-2C21-49A3-8CFE-1751FE15F2CA}.Debug|Any CPU.Build.0 = Debug|Any CPU
		{6F5E0302-2C21-49A3-8CFE-1751FE15F2CA}.Release|Any CPU.ActiveCfg = Release|Any CPU
		{6F5E0302-2C21-49A3-8CFE-1751FE15F2CA}.Release|Any CPU.Build.0 = Release|Any CPU
		{4D1A5A15-6A1A-44C1-A56E-775E363834B0}.Debug|Any CPU.ActiveCfg = Debug|Any CPU
		{4D1A5A15-6A1A-44C1-A56E-775E363834B0}.Debug|Any CPU.Build.0 = Debug|Any CPU
		{4D1A5A15-6A1A-44C1-A56E-775E363834B0}.Release|Any CPU.ActiveCfg = Release|Any CPU
		{4D1A5A15-6A1A-44C1-A56E-775E363834B0}.Release|Any CPU.Build.0 = Release|Any CPU
		{6F9DA14B-3ABE-4609-B278-CE4CD937DBBA}.Debug|Any CPU.ActiveCfg = Debug|Any CPU
		{6F9DA14B-3ABE-4609-B278-CE4CD937DBBA}.Debug|Any CPU.Build.0 = Debug|Any CPU
		{6F9DA14B-3ABE-4609-B278-CE4CD937DBBA}.Release|Any CPU.ActiveCfg = Release|Any CPU
		{6F9DA14B-3ABE-4609-B278-CE4CD937DBBA}.Release|Any CPU.Build.0 = Release|Any CPU
		{5634F830-D8E4-448F-BB82-EA03AC41691E}.Debug|Any CPU.ActiveCfg = Debug|Any CPU
		{5634F830-D8E4-448F-BB82-EA03AC41691E}.Debug|Any CPU.Build.0 = Debug|Any CPU
		{5634F830-D8E4-448F-BB82-EA03AC41691E}.Release|Any CPU.ActiveCfg = Release|Any CPU
		{5634F830-D8E4-448F-BB82-EA03AC41691E}.Release|Any CPU.Build.0 = Release|Any CPU
		{C28BABF3-48FA-4827-89ED-3FD7D4C94CC1}.Debug|Any CPU.ActiveCfg = Debug|Any CPU
		{C28BABF3-48FA-4827-89ED-3FD7D4C94CC1}.Debug|Any CPU.Build.0 = Debug|Any CPU
		{C28BABF3-48FA-4827-89ED-3FD7D4C94CC1}.Release|Any CPU.ActiveCfg = Release|Any CPU
		{C28BABF3-48FA-4827-89ED-3FD7D4C94CC1}.Release|Any CPU.Build.0 = Release|Any CPU
		{C686B42F-9142-49C3-8C5A-962416D102A9}.Debug|Any CPU.ActiveCfg = Debug|Any CPU
		{C686B42F-9142-49C3-8C5A-962416D102A9}.Debug|Any CPU.Build.0 = Debug|Any CPU
		{C686B42F-9142-49C3-8C5A-962416D102A9}.Release|Any CPU.ActiveCfg = Release|Any CPU
		{C686B42F-9142-49C3-8C5A-962416D102A9}.Release|Any CPU.Build.0 = Release|Any CPU
	EndGlobalSection
	GlobalSection(SolutionProperties) = preSolution
		HideSolutionNode = FALSE
	EndGlobalSection
	GlobalSection(NestedProjects) = preSolution
		{3CEDC287-356D-49B3-A752-DCD38D55A5C7} = {2EFEBBD9-3CC6-496E-A80C-48BB17BD467E}
		{81BC718A-493D-4212-9463-6E530F247AEF} = {2EFEBBD9-3CC6-496E-A80C-48BB17BD467E}
		{7B0FE665-6715-46D4-87EA-D42219B68CB8} = {D3528890-6B05-46C4-A7D5-0FCBFD8235AA}
		{5716A4EF-F131-49A5-8CA1-ECF0FE0B0020} = {D3528890-6B05-46C4-A7D5-0FCBFD8235AA}
		{87EEAE4C-A9F1-4C76-B0C3-B6A17221BCBF} = {5716A4EF-F131-49A5-8CA1-ECF0FE0B0020}
		{F9CD9D80-4C4E-4519-BBFC-3ABAA7660884} = {5716A4EF-F131-49A5-8CA1-ECF0FE0B0020}
		{6F5E0302-2C21-49A3-8CFE-1751FE15F2CA} = {A1272F76-3A05-48E4-B5A5-578C69F7A5A1}
		{4D1A5A15-6A1A-44C1-A56E-775E363834B0} = {22000FA1-8ADD-44E4-BC8A-9E46E06D1D2D}
		{6F9DA14B-3ABE-4609-B278-CE4CD937DBBA} = {22000FA1-8ADD-44E4-BC8A-9E46E06D1D2D}
		{5634F830-D8E4-448F-BB82-EA03AC41691E} = {04E43559-A3A0-4924-A364-57206A2FB3BB}
		{C28BABF3-48FA-4827-89ED-3FD7D4C94CC1} = {E7534022-0C42-481D-801C-2E84C30A8790}
		{C686B42F-9142-49C3-8C5A-962416D102A9} = {E7534022-0C42-481D-801C-2E84C30A8790}
	EndGlobalSection
EndGlobal
