
Microsoft Visual Studio Solution File, Format Version 10.00
# Visual Studio 2008
Project("{FAE04EC0-301F-11D3-BF4B-00C04F79EFBC}") = "Test.CcrSpaces.Api", "Test.CcrSpaces.Api\Test.CcrSpaces.Api.csproj", "{A94034C7-79F2-4F1E-A51E-C720B3C5FEE2}"
EndProject
Project("{FAE04EC0-301F-11D3-BF4B-00C04F79EFBC}") = "CcrSpaces.Api", "CcrSpaces.Api\CcrSpaces.Api.csproj", "{BA6021D8-FFBF-4997-9E3A-C5381017B608}"
EndProject
Project("{2150E333-8FDC-42A3-9474-1A3956D46DE8}") = "Solution Items", "Solution Items", "{3729C89E-D374-44A8-B6B3-C92156D7720B}"
	ProjectSection(SolutionItems) = preProject
		backlog.txt = backlog.txt
	EndProjectSection
EndProject
Project("{FAE04EC0-301F-11D3-BF4B-00C04F79EFBC}") = "Design.CcrSpaces.Api", "Design.CcrSpaces.Api\Design.CcrSpaces.Api.csproj", "{B80ECB1B-1CF7-4DF2-B44F-0C0158041E8C}"
EndProject
Project("{FAE04EC0-301F-11D3-BF4B-00C04F79EFBC}") = "Test.ChannelWithSyncContext", "Test.ChannelWithSyncContext\Test.ChannelWithSyncContext.csproj", "{87EEAE4C-A9F1-4C76-B0C3-B6A17221BCBF}"
EndProject
Global
	GlobalSection(SolutionConfigurationPlatforms) = preSolution
		Debug|Any CPU = Debug|Any CPU
		Release|Any CPU = Release|Any CPU
	EndGlobalSection
	GlobalSection(ProjectConfigurationPlatforms) = postSolution
		{A94034C7-79F2-4F1E-A51E-C720B3C5FEE2}.Debug|Any CPU.ActiveCfg = Debug|Any CPU
		{A94034C7-79F2-4F1E-A51E-C720B3C5FEE2}.Debug|Any CPU.Build.0 = Debug|Any CPU
		{A94034C7-79F2-4F1E-A51E-C720B3C5FEE2}.Release|Any CPU.ActiveCfg = Release|Any CPU
		{A94034C7-79F2-4F1E-A51E-C720B3C5FEE2}.Release|Any CPU.Build.0 = Release|Any CPU
		{BA6021D8-FFBF-4997-9E3A-C5381017B608}.Debug|Any CPU.ActiveCfg = Debug|Any CPU
		{BA6021D8-FFBF-4997-9E3A-C5381017B608}.Debug|Any CPU.Build.0 = Debug|Any CPU
		{BA6021D8-FFBF-4997-9E3A-C5381017B608}.Release|Any CPU.ActiveCfg = Release|Any CPU
		{BA6021D8-FFBF-4997-9E3A-C5381017B608}.Release|Any CPU.Build.0 = Release|Any CPU
		{B80ECB1B-1CF7-4DF2-B44F-0C0158041E8C}.Debug|Any CPU.ActiveCfg = Debug|Any CPU
		{B80ECB1B-1CF7-4DF2-B44F-0C0158041E8C}.Debug|Any CPU.Build.0 = Debug|Any CPU
		{B80ECB1B-1CF7-4DF2-B44F-0C0158041E8C}.Release|Any CPU.ActiveCfg = Release|Any CPU
		{B80ECB1B-1CF7-4DF2-B44F-0C0158041E8C}.Release|Any CPU.Build.0 = Release|Any CPU
		{87EEAE4C-A9F1-4C76-B0C3-B6A17221BCBF}.Debug|Any CPU.ActiveCfg = Debug|Any CPU
		{87EEAE4C-A9F1-4C76-B0C3-B6A17221BCBF}.Debug|Any CPU.Build.0 = Debug|Any CPU
		{87EEAE4C-A9F1-4C76-B0C3-B6A17221BCBF}.Release|Any CPU.ActiveCfg = Release|Any CPU
		{87EEAE4C-A9F1-4C76-B0C3-B6A17221BCBF}.Release|Any CPU.Build.0 = Release|Any CPU
	EndGlobalSection
	GlobalSection(SolutionProperties) = preSolution
		HideSolutionNode = FALSE
	EndGlobalSection
EndGlobal
